// !$*UTF8*$!
{
	archiveVersion = 1;
	classes = {
	};
	objectVersion = 46;
	objects = {

/* Begin PBXBuildFile section */
		3B443F7415BCC30C00664486 /* UIKit.framework in Frameworks */ = {isa = PBXBuildFile; fileRef = 3B443F7315BCC30C00664486 /* UIKit.framework */; };
		3B443F7615BCC30C00664486 /* Foundation.framework in Frameworks */ = {isa = PBXBuildFile; fileRef = 3B443F7515BCC30C00664486 /* Foundation.framework */; };
		3B443F7815BCC30C00664486 /* CoreGraphics.framework in Frameworks */ = {isa = PBXBuildFile; fileRef = 3B443F7715BCC30C00664486 /* CoreGraphics.framework */; };
		3B443F7E15BCC30C00664486 /* InfoPlist.strings in Resources */ = {isa = PBXBuildFile; fileRef = 3B443F7C15BCC30C00664486 /* InfoPlist.strings */; };
		3B443F8015BCC30C00664486 /* main.m in Sources */ = {isa = PBXBuildFile; fileRef = 3B443F7F15BCC30C00664486 /* main.m */; };
		3B443F8415BCC30C00664486 /* MKSAppDelegate.m in Sources */ = {isa = PBXBuildFile; fileRef = 3B443F8315BCC30C00664486 /* MKSAppDelegate.m */; };
		3B443F8715BCC30C00664486 /* MainStoryboard.storyboard in Resources */ = {isa = PBXBuildFile; fileRef = 3B443F8515BCC30C00664486 /* MainStoryboard.storyboard */; };
		3B443F8A15BCC30C00664486 /* MKSViewController.m in Sources */ = {isa = PBXBuildFile; fileRef = 3B443F8915BCC30C00664486 /* MKSViewController.m */; };
		3B443FB115BCC4AF00664486 /* MetricsKit.m in Sources */ = {isa = PBXBuildFile; fileRef = 3B443FB015BCC4AF00664486 /* MetricsKit.m */; };
		3BAACBB015BE2462002271DE /* SystemConfiguration.framework in Frameworks */ = {isa = PBXBuildFile; fileRef = 3BAACBAF15BE2462002271DE /* SystemConfiguration.framework */; };
		3BC1EFF216265E0A0089B5AA /* CoreTelephony.framework in Frameworks */ = {isa = PBXBuildFile; fileRef = 3BC1EFF116265E0A0089B5AA /* CoreTelephony.framework */; };
/* End PBXBuildFile section */

/* Begin PBXFileReference section */
		3B443F6F15BCC30B00664486 /* MKSample.app */ = {isa = PBXFileReference; explicitFileType = wrapper.application; includeInIndex = 0; path = MKSample.app; sourceTree = BUILT_PRODUCTS_DIR; };
		3B443F7315BCC30C00664486 /* UIKit.framework */ = {isa = PBXFileReference; lastKnownFileType = wrapper.framework; name = UIKit.framework; path = System/Library/Frameworks/UIKit.framework; sourceTree = SDKROOT; };
		3B443F7515BCC30C00664486 /* Foundation.framework */ = {isa = PBXFileReference; lastKnownFileType = wrapper.framework; name = Foundation.framework; path = System/Library/Frameworks/Foundation.framework; sourceTree = SDKROOT; };
		3B443F7715BCC30C00664486 /* CoreGraphics.framework */ = {isa = PBXFileReference; lastKnownFileType = wrapper.framework; name = CoreGraphics.framework; path = System/Library/Frameworks/CoreGraphics.framework; sourceTree = SDKROOT; };
		3B443F7B15BCC30C00664486 /* MetricsKitSample-Info.plist */ = {isa = PBXFileReference; lastKnownFileType = text.plist.xml; path = "MetricsKitSample-Info.plist"; sourceTree = "<group>"; };
		3B443F7D15BCC30C00664486 /* en */ = {isa = PBXFileReference; lastKnownFileType = text.plist.strings; name = en; path = en.lproj/InfoPlist.strings; sourceTree = "<group>"; };
		3B443F7F15BCC30C00664486 /* main.m */ = {isa = PBXFileReference; lastKnownFileType = sourcecode.c.objc; path = main.m; sourceTree = "<group>"; };
		3B443F8115BCC30C00664486 /* MetricsKitSample-Prefix.pch */ = {isa = PBXFileReference; lastKnownFileType = sourcecode.c.h; path = "MetricsKitSample-Prefix.pch"; sourceTree = "<group>"; };
		3B443F8215BCC30C00664486 /* MKSAppDelegate.h */ = {isa = PBXFileReference; lastKnownFileType = sourcecode.c.h; path = MKSAppDelegate.h; sourceTree = "<group>"; };
		3B443F8315BCC30C00664486 /* MKSAppDelegate.m */ = {isa = PBXFileReference; lastKnownFileType = sourcecode.c.objc; path = MKSAppDelegate.m; sourceTree = "<group>"; };
		3B443F8615BCC30C00664486 /* en */ = {isa = PBXFileReference; lastKnownFileType = file.storyboard; name = en; path = en.lproj/MainStoryboard.storyboard; sourceTree = "<group>"; };
		3B443F8815BCC30C00664486 /* MKSViewController.h */ = {isa = PBXFileReference; lastKnownFileType = sourcecode.c.h; path = MKSViewController.h; sourceTree = "<group>"; };
		3B443F8915BCC30C00664486 /* MKSViewController.m */ = {isa = PBXFileReference; lastKnownFileType = sourcecode.c.objc; path = MKSViewController.m; sourceTree = "<group>"; };
		3B443F9115BCC30C00664486 /* SenTestingKit.framework */ = {isa = PBXFileReference; lastKnownFileType = wrapper.framework; name = SenTestingKit.framework; path = Library/Frameworks/SenTestingKit.framework; sourceTree = DEVELOPER_DIR; };
		3B443FAD15BCC42500664486 /* README.md */ = {isa = PBXFileReference; lastKnownFileType = text; name = README.md; path = ../README.md; sourceTree = "<group>"; };
		3B443FAF15BCC4AF00664486 /* MetricsKit.h */ = {isa = PBXFileReference; fileEncoding = 4; lastKnownFileType = sourcecode.c.h; path = MetricsKit.h; sourceTree = "<group>"; };
		3B443FB015BCC4AF00664486 /* MetricsKit.m */ = {isa = PBXFileReference; fileEncoding = 4; lastKnownFileType = sourcecode.c.objc; path = MetricsKit.m; sourceTree = "<group>"; };
		3B52A92715C2277C0045E043 /* Cocoa.framework */ = {isa = PBXFileReference; lastKnownFileType = wrapper.framework; name = Cocoa.framework; path = Platforms/MacOSX.platform/Developer/SDKs/MacOSX10.8.sdk/System/Library/Frameworks/Cocoa.framework; sourceTree = DEVELOPER_DIR; };
		3B52A92915C227820045E043 /* Foundation.framework */ = {isa = PBXFileReference; lastKnownFileType = wrapper.framework; name = Foundation.framework; path = Platforms/MacOSX.platform/Developer/SDKs/MacOSX10.8.sdk/System/Library/Frameworks/Foundation.framework; sourceTree = DEVELOPER_DIR; };
		3B52A92B15C2278A0045E043 /* AppKit.framework */ = {isa = PBXFileReference; lastKnownFileType = wrapper.framework; name = AppKit.framework; path = Platforms/MacOSX.platform/Developer/SDKs/MacOSX10.8.sdk/System/Library/Frameworks/AppKit.framework; sourceTree = DEVELOPER_DIR; };
		3BAACBAF15BE2462002271DE /* SystemConfiguration.framework */ = {isa = PBXFileReference; lastKnownFileType = wrapper.framework; name = SystemConfiguration.framework; path = System/Library/Frameworks/SystemConfiguration.framework; sourceTree = SDKROOT; };
		3BC1EFF116265E0A0089B5AA /* CoreTelephony.framework */ = {isa = PBXFileReference; lastKnownFileType = wrapper.framework; name = CoreTelephony.framework; path = Platforms/iPhoneOS.platform/Developer/SDKs/iPhoneOS6.0.sdk/System/Library/Frameworks/CoreTelephony.framework; sourceTree = DEVELOPER_DIR; };
		3BD847BB15C2319D00798277 /* SystemConfiguration.framework */ = {isa = PBXFileReference; lastKnownFileType = wrapper.framework; name = SystemConfiguration.framework; path = Platforms/MacOSX.platform/Developer/SDKs/MacOSX10.8.sdk/System/Library/Frameworks/SystemConfiguration.framework; sourceTree = DEVELOPER_DIR; };
/* End PBXFileReference section */

/* Begin PBXFrameworksBuildPhase section */
		3B443F6C15BCC30B00664486 /* Frameworks */ = {
			isa = PBXFrameworksBuildPhase;
			buildActionMask = 2147483647;
			files = (
				3BC1EFF216265E0A0089B5AA /* CoreTelephony.framework in Frameworks */,
				3BAACBB015BE2462002271DE /* SystemConfiguration.framework in Frameworks */,
				3B443F7415BCC30C00664486 /* UIKit.framework in Frameworks */,
				3B443F7615BCC30C00664486 /* Foundation.framework in Frameworks */,
				3B443F7815BCC30C00664486 /* CoreGraphics.framework in Frameworks */,
			);
			runOnlyForDeploymentPostprocessing = 0;
		};
/* End PBXFrameworksBuildPhase section */

/* Begin PBXGroup section */
		3B443F6415BCC30B00664486 = {
			isa = PBXGroup;
			children = (
				3B443FAD15BCC42500664486 /* README.md */,
				3B443FAE15BCC46600664486 /* MetricsKit */,
				3B443F7915BCC30C00664486 /* iOS Sample App */,
				3B443F7215BCC30B00664486 /* Frameworks */,
				3B443F7015BCC30B00664486 /* Products */,
			);
			sourceTree = "<group>";
		};
		3B443F7015BCC30B00664486 /* Products */ = {
			isa = PBXGroup;
			children = (
				3B443F6F15BCC30B00664486 /* MKSample.app */,
			);
			name = Products;
			sourceTree = "<group>";
		};
		3B443F7215BCC30B00664486 /* Frameworks */ = {
			isa = PBXGroup;
			children = (
				3BC1EFF116265E0A0089B5AA /* CoreTelephony.framework */,
				3BD847BB15C2319D00798277 /* SystemConfiguration.framework */,
				3B52A92B15C2278A0045E043 /* AppKit.framework */,
				3B52A92915C227820045E043 /* Foundation.framework */,
				3B52A92715C2277C0045E043 /* Cocoa.framework */,
				3BAACBAF15BE2462002271DE /* SystemConfiguration.framework */,
				3B443F7315BCC30C00664486 /* UIKit.framework */,
				3B443F7515BCC30C00664486 /* Foundation.framework */,
				3B443F7715BCC30C00664486 /* CoreGraphics.framework */,
				3B443F9115BCC30C00664486 /* SenTestingKit.framework */,
			);
			name = Frameworks;
			sourceTree = "<group>";
		};
		3B443F7915BCC30C00664486 /* iOS Sample App */ = {
			isa = PBXGroup;
			children = (
				3B443F8215BCC30C00664486 /* MKSAppDelegate.h */,
				3B443F8315BCC30C00664486 /* MKSAppDelegate.m */,
				3B443F8515BCC30C00664486 /* MainStoryboard.storyboard */,
				3B443F8815BCC30C00664486 /* MKSViewController.h */,
				3B443F8915BCC30C00664486 /* MKSViewController.m */,
				3B443F7A15BCC30C00664486 /* Supporting Files */,
			);
			name = "iOS Sample App";
			path = "MetricsKitSample-iOS";
			sourceTree = "<group>";
		};
		3B443F7A15BCC30C00664486 /* Supporting Files */ = {
			isa = PBXGroup;
			children = (
				3B443F7B15BCC30C00664486 /* MetricsKitSample-Info.plist */,
				3B443F7C15BCC30C00664486 /* InfoPlist.strings */,
				3B443F7F15BCC30C00664486 /* main.m */,
				3B443F8115BCC30C00664486 /* MetricsKitSample-Prefix.pch */,
			);
			name = "Supporting Files";
			sourceTree = "<group>";
		};
		3B443FAE15BCC46600664486 /* MetricsKit */ = {
			isa = PBXGroup;
			children = (
				3B443FAF15BCC4AF00664486 /* MetricsKit.h */,
				3B443FB015BCC4AF00664486 /* MetricsKit.m */,
			);
			name = MetricsKit;
			path = ../MetricsKit;
			sourceTree = "<group>";
		};
/* End PBXGroup section */

/* Begin PBXNativeTarget section */
		3B443F6E15BCC30B00664486 /* iOS Sample App */ = {
			isa = PBXNativeTarget;
			buildConfigurationList = 3B443FA215BCC30C00664486 /* Build configuration list for PBXNativeTarget "iOS Sample App" */;
			buildPhases = (
				3B443F6B15BCC30B00664486 /* Sources */,
				3B443F6C15BCC30B00664486 /* Frameworks */,
				3B443F6D15BCC30B00664486 /* Resources */,
			);
			buildRules = (
			);
			dependencies = (
			);
			name = "iOS Sample App";
			productName = MetricsKitSample;
			productReference = 3B443F6F15BCC30B00664486 /* MKSample.app */;
			productType = "com.apple.product-type.application";
		};
/* End PBXNativeTarget section */

/* Begin PBXProject section */
		3B443F6615BCC30B00664486 /* Project object */ = {
			isa = PBXProject;
			attributes = {
				CLASSPREFIX = MKS;
				LastUpgradeCheck = 0460;
				ORGANIZATIONNAME = "Caleb Davenport";
			};
			buildConfigurationList = 3B443F6915BCC30B00664486 /* Build configuration list for PBXProject "MetricsKitSample" */;
			compatibilityVersion = "Xcode 3.2";
			developmentRegion = English;
			hasScannedForEncodings = 0;
			knownRegions = (
				en,
			);
			mainGroup = 3B443F6415BCC30B00664486;
			productRefGroup = 3B443F7015BCC30B00664486 /* Products */;
			projectDirPath = "";
			projectRoot = "";
			targets = (
				3B443F6E15BCC30B00664486 /* iOS Sample App */,
			);
		};
/* End PBXProject section */

/* Begin PBXResourcesBuildPhase section */
		3B443F6D15BCC30B00664486 /* Resources */ = {
			isa = PBXResourcesBuildPhase;
			buildActionMask = 2147483647;
			files = (
				3B443F7E15BCC30C00664486 /* InfoPlist.strings in Resources */,
				3B443F8715BCC30C00664486 /* MainStoryboard.storyboard in Resources */,
			);
			runOnlyForDeploymentPostprocessing = 0;
		};
/* End PBXResourcesBuildPhase section */

/* Begin PBXSourcesBuildPhase section */
		3B443F6B15BCC30B00664486 /* Sources */ = {
			isa = PBXSourcesBuildPhase;
			buildActionMask = 2147483647;
			files = (
				3B443F8015BCC30C00664486 /* main.m in Sources */,
				3B443F8415BCC30C00664486 /* MKSAppDelegate.m in Sources */,
				3B443F8A15BCC30C00664486 /* MKSViewController.m in Sources */,
				3B443FB115BCC4AF00664486 /* MetricsKit.m in Sources */,
			);
			runOnlyForDeploymentPostprocessing = 0;
		};
/* End PBXSourcesBuildPhase section */

/* Begin PBXVariantGroup section */
		3B443F7C15BCC30C00664486 /* InfoPlist.strings */ = {
			isa = PBXVariantGroup;
			children = (
				3B443F7D15BCC30C00664486 /* en */,
			);
			name = InfoPlist.strings;
			sourceTree = "<group>";
		};
		3B443F8515BCC30C00664486 /* MainStoryboard.storyboard */ = {
			isa = PBXVariantGroup;
			children = (
				3B443F8615BCC30C00664486 /* en */,
			);
			name = MainStoryboard.storyboard;
			sourceTree = "<group>";
		};
/* End PBXVariantGroup section */

/* Begin XCBuildConfiguration section */
		3B443FA015BCC30C00664486 /* Debug */ = {
			isa = XCBuildConfiguration;
			buildSettings = {
				ALWAYS_SEARCH_USER_PATHS = NO;
				CLANG_CXX_LANGUAGE_STANDARD = "gnu++0x";
				CLANG_CXX_LIBRARY = "libc++";
				CLANG_ENABLE_OBJC_ARC = YES;
				CLANG_WARN_CONSTANT_CONVERSION = YES;
				CLANG_WARN_ENUM_CONVERSION = YES;
				CLANG_WARN_INT_CONVERSION = YES;
				CLANG_WARN__DUPLICATE_METHOD_MATCH = YES;
				COPY_PHASE_STRIP = NO;
				GCC_C_LANGUAGE_STANDARD = gnu99;
				GCC_DYNAMIC_NO_PIC = NO;
				GCC_OPTIMIZATION_LEVEL = 0;
				GCC_PREPROCESSOR_DEFINITIONS = (
					"DEBUG=1",
					"$(inherited)",
				);
				GCC_SYMBOLS_PRIVATE_EXTERN = NO;
				GCC_VERSION = com.apple.compilers.llvm.clang.1_0;
				GCC_WARN_64_TO_32_BIT_CONVERSION = YES;
				GCC_WARN_ABOUT_RETURN_TYPE = YES;
				GCC_WARN_UNINITIALIZED_AUTOS = YES;
				GCC_WARN_UNUSED_VARIABLE = YES;
				ONLY_ACTIVE_ARCH = YES;
			};
			name = Debug;
		};
		3B443FA115BCC30C00664486 /* Release */ = {
			isa = XCBuildConfiguration;
			buildSettings = {
				ALWAYS_SEARCH_USER_PATHS = NO;
				CLANG_CXX_LANGUAGE_STANDARD = "gnu++0x";
				CLANG_CXX_LIBRARY = "libc++";
				CLANG_ENABLE_OBJC_ARC = YES;
				CLANG_WARN_CONSTANT_CONVERSION = YES;
				CLANG_WARN_ENUM_CONVERSION = YES;
				CLANG_WARN_INT_CONVERSION = YES;
				CLANG_WARN__DUPLICATE_METHOD_MATCH = YES;
				COPY_PHASE_STRIP = YES;
				GCC_C_LANGUAGE_STANDARD = gnu99;
				GCC_VERSION = com.apple.compilers.llvm.clang.1_0;
				GCC_WARN_64_TO_32_BIT_CONVERSION = YES;
				GCC_WARN_ABOUT_RETURN_TYPE = YES;
				GCC_WARN_UNINITIALIZED_AUTOS = YES;
				GCC_WARN_UNUSED_VARIABLE = YES;
				OTHER_CFLAGS = "-DNS_BLOCK_ASSERTIONS=1";
				VALIDATE_PRODUCT = YES;
			};
			name = Release;
		};
		3B443FA315BCC30C00664486 /* Debug */ = {
			isa = XCBuildConfiguration;
			buildSettings = {
				ARCHS = armv7;
				GCC_PRECOMPILE_PREFIX_HEADER = YES;
				GCC_PREFIX_HEADER = "MetricsKitSample-iOS/MetricsKitSample-Prefix.pch";
				INFOPLIST_FILE = "MetricsKitSample-iOS/MetricsKitSample-Info.plist";
				IPHONEOS_DEPLOYMENT_TARGET = 5.0;
				PRODUCT_NAME = MKSample;
				SDKROOT = iphoneos;
				WRAPPER_EXTENSION = app;
			};
			name = Debug;
		};
		3B443FA415BCC30C00664486 /* Release */ = {
			isa = XCBuildConfiguration;
			buildSettings = {
				ARCHS = armv7;
				GCC_PRECOMPILE_PREFIX_HEADER = YES;
				GCC_PREFIX_HEADER = "MetricsKitSample-iOS/MetricsKitSample-Prefix.pch";
				INFOPLIST_FILE = "MetricsKitSample-iOS/MetricsKitSample-Info.plist";
				IPHONEOS_DEPLOYMENT_TARGET = 5.0;
				PRODUCT_NAME = MKSample;
				SDKROOT = iphoneos;
				WRAPPER_EXTENSION = app;
			};
			name = Release;
		};
/* End XCBuildConfiguration section */

/* Begin XCConfigurationList section */
		3B443F6915BCC30B00664486 /* Build configuration list for PBXProject "MetricsKitSample" */ = {
			isa = XCConfigurationList;
			buildConfigurations = (
				3B443FA015BCC30C00664486 /* Debug */,
				3B443FA115BCC30C00664486 /* Release */,
			);
			defaultConfigurationIsVisible = 0;
			defaultConfigurationName = Release;
		};
		3B443FA215BCC30C00664486 /* Build configuration list for PBXNativeTarget "iOS Sample App" */ = {
			isa = XCConfigurationList;
			buildConfigurations = (
				3B443FA315BCC30C00664486 /* Debug */,
				3B443FA415BCC30C00664486 /* Release */,
			);
			defaultConfigurationIsVisible = 0;
			defaultConfigurationName = Release;
		};
/* End XCConfigurationList section */
	};
	rootObject = 3B443F6615BCC30B00664486 /* Project object */;
}
